
Microsoft Visual Studio Solution File, Format Version 12.00
# Visual Studio Version 16
VisualStudioVersion = 16.0.30503.244
MinimumVisualStudioVersion = 10.0.40219.1
Project("{FAE04EC0-301F-11D3-BF4B-00C04F79EFBC}") = "PomodoroS", "PomodoroS\PomodoroS.csproj", "{282F0CC9-128A-46B7-BFD5-08F5DC52CBA7}"
EndProject
Global
	GlobalSection(SolutionConfigurationPlatforms) = preSolution
		Debug|Any CPU = Debug|Any CPU
		Release|Any CPU = Release|Any CPU
	EndGlobalSection
	GlobalSection(ProjectConfigurationPlatforms) = postSolution
		{282F0CC9-128A-46B7-BFD5-08F5DC52CBA7}.Debug|Any CPU.ActiveCfg = Debug|Any CPU
		{282F0CC9-128A-46B7-BFD5-08F5DC52CBA7}.Debug|Any CPU.Build.0 = Debug|Any CPU
		{282F0CC9-128A-46B7-BFD5-08F5DC52CBA7}.Release|Any CPU.ActiveCfg = Release|Any CPU
		{282F0CC9-128A-46B7-BFD5-08F5DC52CBA7}.Release|Any CPU.Build.0 = Release|Any CPU
	EndGlobalSection
	GlobalSection(SolutionProperties) = preSolution
		HideSolutionNode = FALSE
	EndGlobalSection
	GlobalSection(ExtensibilityGlobals) = postSolution
		SolutionGuid = {8D93D294-B329-4AF7-893F-C5C532AA1B91}
	EndGlobalSection
EndGlobal
